github.com/beorn7/perks v1.0.1 h1:VlbKKnNfV8bJzeqoa4UR+UGbg0z2R+OBrKpjVoZzRmE=
github.com/beorn7/perks v1.0.1/go.mod h1:G3QRj9PQvS7wTOx4L4s5k6A3jPb1E9CQ9qV0mVZZE=
github.com/bytedance/sonic v1.9.10 h1:37FWok1R0P8jzU1dGEXs+K0EWQJ1F9S1kxL5iJTwBs=
github.com/bytedance/sonic v1.9.10/go.mod h1:qwPWnhz6pn0NnRjL60AxYe2eCIiMmISMuQPZsZ1YEQ=
github.com/cespare/xxhash/v2 v2.2.0 h1:DC2CZ1Ep5Y4k3ZQ8jE/yq2YBGMm5V5gDdB1nTYz0w=
github.com/cespare/xxhash/v2 v2.2.0/go.mod h1:VGX0DQ3Q6kWi7AoAeZDth3/j3J+kqoE+T8RztQQnM=
github.com/chenzhuoyu/base64x v0.0.0-20221115062448-fe3a3abad311 h1:qSGYq7yPm8yVJc14cxp12nKV+OTRaWim+xBd/7nWSQ=
github.com/chenzhuoyu/base64x v0.0.0-20221115062448-fe3a3abad311/go.mod h1:b583jCggY9gE99b6G5LEC39Ksr/qxproqh36zNMs7A=
github.com/davecgh/go-spew v1.1.1 h1:vj9j/u1bqnvCEfJOwUhtlOARqs3+rkHYY13jYWTU+E=
github.com/gabriel-vasile/mimetype v1.4.2 h1:w5qFW6JKBz9QmCWap/aVezKrB7+0s0/9eeY65wIKVo=
github.com/gabriel-vasile/mimetype v1.4.2/go.mod h1:zApsH/mKG4w07erNFiQF47tNjUQ9bifyV4/AD6aacd=
github.com/gin-contrib/sse v0.1.0 h1:Y/yl/+YNO8GZSvPWZk2CvUZrY9yGURwKwMyJ2mOkY=
github.com/gin-contrib/sse v0.1.0/go.mod h1:RHrZDybNNZZbV6e2ySNg/AAL5UVyhEaVk8RxHDDtng=
github.com/gin-gonic/gin v1.9.1 h1:4idEAncQnU5cB7BeOkPV+QasYW/D3PWZCnd2DQCat8=
github.com/gin-gonic/gin v1.9.1/go.mod h1:hPrL7YrpYKXt5YId3xLL2M6j3As6JyaTrrxddQP5gM=
github.com/go-playground/locales v0.14.1 h1:EWaQ/wswScqo3VK3zK+SLG8vl8FpeaSZME+9N7MPg0=
github.com/go-playground/locales v0.14.1/go.mod h1:hxrqLVvrK65+Rwrd5Fc6F2O76J0NqWOlgd+lsrsx7s=
github.com/go-playground/universal-translator v0.18.1 h1:Bcnm0ZwsGyWbxAxy3OeSuJJ3NpwBDLoHtLNoproVeU=
github.com/go-playground/universal-translator v0.18.1/go.mod h1:xekY+UJKNuX7IYNIyVVVNul9KcgSn3BfOc2i41P5FL=
github.com/go-playground/validator/v10 v10.15.4 h1:zMXza4EpOSZYNrRjDi1v9/ZvOx2DqQParwzExXWP/0=
github.com/go-playground/validator/v10 v10.15.4/go.mod h1:9iRLiYgKtaL6NO9bh1JoyKvCKxnqTBQIstPr9EscFI=
github.com/goccy/go-json v0.10.2 h1:CqyvLINea8JSLymkGhC/PMzDxVmS0AUIpQ8Za4fqS0=
github.com/goccy/go-json v0.10.2/go.mod h1:6MelG93GURQsLFArtMwlskFQ3I1NsBH+3TP47OnT8=
github.com/golang-jwt/jwt/v5 v5.0.0 h1:1n1XNM9hzLc2zSZVVe7qq3e1DkaWykR5ayJ9p2FFLc=
github.com/golang-jwt/jwt/v5 v5.0.0/go.mod h1:pqrtFR0X4osieyHYxtcc+xHzfHkNBp42otzj7+I7FE=
github.com/google/go-cmp v0.5.5 h1:Khx7svrCpmxxyxP9n7j0BH6ya1PTXhnIWuEWw/4SMU=
github.com/google/go-cmp v0.5.5/go.mod h1:v8dTdLbMG2kIc/FSIyIH7kIChD7OYIE7o0PFadCqUc=
github.com/google/gofuzz v1.0.0/go.mod h1:dBl0BpW6vV/+mYPU4Po3pmUjxk6FQPldtuIdl/M65w=
github.com/json-iterator/go v1.1.12 h1:PV8pesebtbQpGb4gs3J3jZiP00IybuPF00DljYobiY=
github.com/json-iterator/go v1.1.12/go.mod h1:e30LSqwooZae7abqwEGs2Ovsrg85fL3QUFb2nCKRYU=
github.com/klauspost/cpuid/v2 v2.2.5 h1:0E5MSMDEoadt7x/wn3f7ml+cafJyr00q293H8rYYd0=
github.com/klauspost/cpuid/v2 v2.2.5/go.mod h1:Lcz8mBVeNEzogKVJZNkU/oJJCp7fNFlo0KwgchzH+c=
github.com/leodido/go-urn v1.2.4 h1:XlAE/cm/ms7TE/VMVoduSNM+OFy+wpFqAeF6+MWk+8=
github.com/leodido/go-urn v1.2.4/go.mod h1:7ZrI8mTSeBSHl/UaIrtnY9qKIHMSSyc5r7FRtY5+2E=
github.com/mattn/go-isatty v0.0.20 h1:W+V8ob5a5NWstLtsucyuwk3b9kxXqc03T0o+OR3sP4=
github.com/mattn/go-isatty v0.0.20/go.mod h1:YItmq11tsVA8bBkSED/+8j5IkGPhZeY+/6CdvjRmU4=
github.com/matttproud/golang_protobuf_extensions v1.0.4 h1:mmDVorXM7+JfzE/hTIe1u0aCaTrwiX+9cJ6e9ApsA=
github.com/matttproud/golang_protobuf_extensions v1.0.4/go.mod h1:BSXmuO+STAnVfbQLqwGPOQ/P1cNSe7qKn9WEmQSR4=
github.com/modern-go/concurrent v0.0.0-20180228061459-e0a39a4cb421/go.mod h1:6dJC0mAP4ikYIbvyc7fijjWJddQ2lv3hGjgetZfrFY=
github.com/modern-go/concurrent v0.0.0-20180306012644-bacd9c7ef1dd h1:TRLaZ9cD/w8PVh93nsPXa1VrQ6jlwL5oN8l14QlcNfY=
github.com/modern-go/concurrent v0.0.0-20180306012644-bacd9c7ef1dd/go.mod h1:6dJC0mAP4ikYIbvyc7fijjWJddQ2lv3hGjgetZfrFY=
github.com/modern-go/reflect2 v1.0.2 h1:xBagoLtFs94CBntxluKeaWgTMpvLxC4ur3nMaC9Gz0=
github.com/modern-go/reflect2 v1.0.2/go.mod h1:yWuevngMOJpCeKo0V0K5IgxnSMd9KKwB0c9WTFI45=
github.com/pelletier/go-toml/v2 v2.1.0 h1:FnwAJ4201go9/wd33Xgf6yEcKvhrule+v40SPujOU0=
github.com/pelletier/go-toml/v2 v2.1.0/go.mod h1:tJU2Z3ZkXwnNkgS1gQEAnjAtySoMZY7xkCkgkCWTmY=
github.com/pmezard/go-difflib v1.0.0 h1:4DBwDE0NGyQoBHbLQYPwSUPoCMWR5BEzIk/f1lZbAQ=
github.com/prometheus/client_golang v1.17.0 h1:rl2sfwZMtSthVU752QUJHQ9s10ODsE5PNvKBcTpzk=
github.com/prometheus/client_golang v1.17.0/go.mod h1:VeL+gMmOAxkS2IqfCq0ZmHSL+LjWfWDUmp1mBz9iX=
github.com/prometheus/client_model v0.5.0 h1:VQw1hfvPvk3Uv6Qf29VrPF32JB6rtbgI6cYPYQjL0Q=
github.com/prometheus/client_model v0.5.0/go.mod h1:dTiFglRmd66nLR9Pv9f0mZi7B7fk5Pm3gvsjB5tr+I=
github.com/prometheus/common v0.45.0 h1:2BGz0eBc2hQiWnNs41AFm9iTQOH0qE3FNVGqYOu2I8=
github.com/prometheus/common v0.45.0/go.mod h1:YJmSTw9BoKxJplESWWxnVuBQNnRHf5i5UqZAGCc1J0=
github.com/prometheus/procfs v0.12.0 h1:jluTpSng7V9hY0O2R9DzzJHYb2xULk9VTR1V1R/k+A=
github.com/prometheus/procfs v0.12.0/go.mod h1:pcuDEFsWDnvcgNzo4EEweacyhQ1YhYNfCfSKi5QN/N=
github.com/stretchr/objx v0.1.0/go.mod h1:HFkY916IF+rwdDfMAkQlOjxqvbtWhAK4PDvwstzu/8=
github.com/stretchr/testify v1.3.0/go.mod h1:M5WIy9Dh21IEIfnGCM7XmwxsrP9OKm9G8zLiKZZbyE=
github.com/stretchr/testify v1.7.0/go.mod h1:6Fq8oRcR53rry900zMqJjRRixrwX3KX962/h/Wwjtc=
github.com/stretchr/testify v1.8.4 h1:CcVxjf3Q8FSVNEHWApikMVslmdI0gEzoscmIcompat0=
github.com/twitchyliquid64/golang-asm v0.15.1 h1:SU5vSMR7hnwNxj24w34ZsCi+/8try230dgZAsO9Jc8=
github.com/twitchyliquid64/golang-asm v0.15.1/go.mod h1:a1lVb/DtPvCB8fslRZktKL2CRGM53BxN9LFvwQ9IN0=
github.com/ugorji/go/codec v1.2.12 h1:9LC83zGehe4W1DVW3Ne6jqC5o7OeFISDt+egYc4gLs=
github.com/ugorji/go/codec v1.2.12/go.mod h1:UNzXis1+qxyKHVsydWDDKL4VAQyeBiCrBmTyp8w0Lg=
golang.org/x/arch v0.5.0 h1:jpGode6hugtIJhqm1FILPZstc8CqWkeZrQjlOlbxUc=
golang.org/x/arch v0.5.0/go.mod h1:5OXOZSfqPIIbmVBIXuZi3d+y02asTJvdXWst0S7lkE=
golang.org/x/crypto v0.15.0 h1:frVn1UZS6SU63j/BgjbkWicY6iYyPYEKTomlCoECqI=
golang.org/x/crypto v0.15.0/go.mod h1:4ChreQoLWfG3xLDer1WdlH5NdpS3/3wBNgo73pu40w=
golang.org/x/net v0.18.0 h1:mIYleuAkSbTurvxPquCwVQRWLEQorXYgxKLWc+L3VQ=
golang.org/x/net v0.18.0/go.mod h1:/czyP5RqHkOG69IqES8bBnqbnWcc63/25dp1r5s6vQ=
golang.org/x/sys v0.0.0-20220811171246-fbc7d0a398ab/go.mod h1:oPkhp1MJrh7nUepCax/Tc5uE+9J6qLDucPRLcifQAY=
golang.org/x/sys v0.14.0 h1:Vz3 Complv5/rvt6AkQyVNKVkgm+RQB833qY2Z0obKc=
golang.org/x/sys v0.14.0/go.mod h1:/VUhepiaJMQUp4+oa/7Zr1D23ma6VTLIYjOOTpy5+I=
golang.org/x/text v0.13.0 h1:ablQoSUd0tRdKxZewP80B+BaqeKJuVhuRxj/dkcUlQ=
golang.org/x/text v0.13.0/go.mod h1:e0JZCRMlr/+VU8PEXzwKNDfE7hp92YgNuKfJbX5dQU=
golang.org/x/xerrors v0.0.0-20191204190536-9bdfabe68543/go.mod h1:I/5z698sn9Ka8TeJc9MKroUUfqBBauWjQqLJ2OPfmY=
google.golang.org/protobuf v1.31.0 h1:g0LDEJHgrBl9N9r17Ru3sqWhkIx2NB67sCR/Fc0zZY=
google.golang.org/protobuf v1.31.0/go.mod h1:HV8QOToQN7ktVyK6ELFLRWoVqkIM883HAf5vh21YOc=
gopkg.in/check.v1 v0.0.0-20161208181325-20d25e280405/go.mod h1:Co6ibVJAznAaIkqp8huTwlPYiuvoid1Vm7sqWigJvM=
gopkg.in/yaml.v3 v3.0.1 h1:fxVm/GzAzEWqLHEvluCn7cs0ScHY5RJ2IObs5VN7gE=
gopkg.in/yaml.v3 v3.0.1/go.mod h1:K4uyk7z7BCEPqu6E+C64Yfv1cQ41C2GrA5cstlUtbw=
